
Microsoft Visual Studio Solution File, Format Version 12.00
# Visual Studio Version 16
VisualStudioVersion = 16.0.31605.320
MinimumVisualStudioVersion = 10.0.40219.1
Project("{8BC9CEB8-8B4A-11D0-8D11-00A0C91BC942}") = "course_project3", "course_project3.vcxproj", "{3C1E88E5-F1C8-4858-BABC-7D3008E2A993}"
EndProject
Global
	GlobalSection(SolutionConfigurationPlatforms) = preSolution
		Debug|x64 = Debug|x64
		Debug|x86 = Debug|x86
		Release|x64 = Release|x64
		Release|x86 = Release|x86
	EndGlobalSection
	GlobalSection(ProjectConfigurationPlatforms) = postSolution
		{3C1E88E5-F1C8-4858-BABC-7D3008E2A993}.Debug|x64.ActiveCfg = Debug|x64
		{3C1E88E5-F1C8-4858-BABC-7D3008E2A993}.Debug|x64.Build.0 = Debug|x64
		{3C1E88E5-F1C8-4858-BABC-7D3008E2A993}.Debug|x86.ActiveCfg = Debug|Win32
		{3C1E88E5-F1C8-4858-BABC-7D3008E2A993}.Debug|x86.Build.0 = Debug|Win32
		{3C1E88E5-F1C8-4858-BABC-7D3008E2A993}.Release|x64.ActiveCfg = Release|x64
		{3C1E88E5-F1C8-4858-BABC-7D3008E2A993}.Release|x64.Build.0 = Release|x64
		{3C1E88E5-F1C8-4858-BABC-7D3008E2A993}.Release|x86.ActiveCfg = Release|Win32
		{3C1E88E5-F1C8-4858-BABC-7D3008E2A993}.Release|x86.Build.0 = Release|Win32
	EndGlobalSection
	GlobalSection(SolutionProperties) = preSolution
		HideSolutionNode = FALSE
	EndGlobalSection
	GlobalSection(ExtensibilityGlobals) = postSolution
		SolutionGuid = {B8A7BB9D-CC7B-4BEB-8942-B740109BC0B9}
	EndGlobalSection
EndGlobal
